
Microsoft Visual Studio Solution File, Format Version 12.00
# Visual Studio Version 17
VisualStudioVersion = 17.0.31903.59
MinimumVisualStudioVersion = 10.0.40219.1
Project("{2150E333-8FDC-42A3-9474-1A3956D46DE8}") = "src", "src", "{6936E7CC-224D-465A-8160-136A36F95A89}"
EndProject
Project("{FAE04EC0-301F-11D3-BF4B-00C04F79EFBC}") = "Application", "src\Application\Application.csproj", "{CDF57575-DB1C-4108-A99A-B63CC23CCADF}"
EndProject
Project("{FAE04EC0-301F-11D3-BF4B-00C04F79EFBC}") = "Domain", "src\Domain\Domain.csproj", "{BD935658-EA27-4E88-9101-198439169615}"
EndProject
Project("{FAE04EC0-301F-11D3-BF4B-00C04F79EFBC}") = "Infrastructure", "src\Infrastructure\Infrastructure.csproj", "{949E96E9-609C-44AB-BEF5-9C2C6B8DA5E4}"
EndProject
Project("{FAE04EC0-301F-11D3-BF4B-00C04F79EFBC}") = "CrossCutting", "src\CrossCutting\CrossCutting.csproj", "{79C35708-0F8F-43C8-9B9A-0163897A9E15}"
EndProject
Project("{FAE04EC0-301F-11D3-BF4B-00C04F79EFBC}") = "Api", "src\Api\Api.csproj", "{DDEF8A7F-2B91-4AC0-B032-AD2E5B6DFF06}"
EndProject
Project("{FAE04EC0-301F-11D3-BF4B-00C04F79EFBC}") = "UnitTest", "src\UnitTest\UnitTest.csproj", "{109722B4-DDE4-4E37-9532-CA931CF8D2AD}"
EndProject
Global
	GlobalSection(SolutionConfigurationPlatforms) = preSolution
		Debug|Any CPU = Debug|Any CPU
		Release|Any CPU = Release|Any CPU
	EndGlobalSection
	GlobalSection(SolutionProperties) = preSolution
		HideSolutionNode = FALSE
	EndGlobalSection
	GlobalSection(ProjectConfigurationPlatforms) = postSolution
		{CDF57575-DB1C-4108-A99A-B63CC23CCADF}.Debug|Any CPU.ActiveCfg = Debug|Any CPU
		{CDF57575-DB1C-4108-A99A-B63CC23CCADF}.Debug|Any CPU.Build.0 = Debug|Any CPU
		{CDF57575-DB1C-4108-A99A-B63CC23CCADF}.Release|Any CPU.ActiveCfg = Release|Any CPU
		{CDF57575-DB1C-4108-A99A-B63CC23CCADF}.Release|Any CPU.Build.0 = Release|Any CPU
		{BD935658-EA27-4E88-9101-198439169615}.Debug|Any CPU.ActiveCfg = Debug|Any CPU
		{BD935658-EA27-4E88-9101-198439169615}.Debug|Any CPU.Build.0 = Debug|Any CPU
		{BD935658-EA27-4E88-9101-198439169615}.Release|Any CPU.ActiveCfg = Release|Any CPU
		{BD935658-EA27-4E88-9101-198439169615}.Release|Any CPU.Build.0 = Release|Any CPU
		{949E96E9-609C-44AB-BEF5-9C2C6B8DA5E4}.Debug|Any CPU.ActiveCfg = Debug|Any CPU
		{949E96E9-609C-44AB-BEF5-9C2C6B8DA5E4}.Debug|Any CPU.Build.0 = Debug|Any CPU
		{949E96E9-609C-44AB-BEF5-9C2C6B8DA5E4}.Release|Any CPU.ActiveCfg = Release|Any CPU
		{949E96E9-609C-44AB-BEF5-9C2C6B8DA5E4}.Release|Any CPU.Build.0 = Release|Any CPU
		{79C35708-0F8F-43C8-9B9A-0163897A9E15}.Debug|Any CPU.ActiveCfg = Debug|Any CPU
		{79C35708-0F8F-43C8-9B9A-0163897A9E15}.Debug|Any CPU.Build.0 = Debug|Any CPU
		{79C35708-0F8F-43C8-9B9A-0163897A9E15}.Release|Any CPU.ActiveCfg = Release|Any CPU
		{79C35708-0F8F-43C8-9B9A-0163897A9E15}.Release|Any CPU.Build.0 = Release|Any CPU
		{DDEF8A7F-2B91-4AC0-B032-AD2E5B6DFF06}.Debug|Any CPU.ActiveCfg = Debug|Any CPU
		{DDEF8A7F-2B91-4AC0-B032-AD2E5B6DFF06}.Debug|Any CPU.Build.0 = Debug|Any CPU
		{DDEF8A7F-2B91-4AC0-B032-AD2E5B6DFF06}.Release|Any CPU.ActiveCfg = Release|Any CPU
		{DDEF8A7F-2B91-4AC0-B032-AD2E5B6DFF06}.Release|Any CPU.Build.0 = Release|Any CPU
		{109722B4-DDE4-4E37-9532-CA931CF8D2AD}.Debug|Any CPU.ActiveCfg = Debug|Any CPU
		{109722B4-DDE4-4E37-9532-CA931CF8D2AD}.Debug|Any CPU.Build.0 = Debug|Any CPU
		{109722B4-DDE4-4E37-9532-CA931CF8D2AD}.Release|Any CPU.ActiveCfg = Release|Any CPU
		{109722B4-DDE4-4E37-9532-CA931CF8D2AD}.Release|Any CPU.Build.0 = Release|Any CPU
	EndGlobalSection
	GlobalSection(NestedProjects) = preSolution
		{CDF57575-DB1C-4108-A99A-B63CC23CCADF} = {6936E7CC-224D-465A-8160-136A36F95A89}
		{BD935658-EA27-4E88-9101-198439169615} = {6936E7CC-224D-465A-8160-136A36F95A89}
		{949E96E9-609C-44AB-BEF5-9C2C6B8DA5E4} = {6936E7CC-224D-465A-8160-136A36F95A89}
		{79C35708-0F8F-43C8-9B9A-0163897A9E15} = {6936E7CC-224D-465A-8160-136A36F95A89}
		{DDEF8A7F-2B91-4AC0-B032-AD2E5B6DFF06} = {6936E7CC-224D-465A-8160-136A36F95A89}
		{109722B4-DDE4-4E37-9532-CA931CF8D2AD} = {6936E7CC-224D-465A-8160-136A36F95A89}
	EndGlobalSection
EndGlobal
